
Microsoft Visual Studio Solution File, Format Version 12.00
# Visual Studio Version 17
VisualStudioVersion = 17.0.32126.317
MinimumVisualStudioVersion = 10.0.40219.1
Project("{FAE04EC0-301F-11D3-BF4B-00C04F79EFBC}") = "BattleShipsLiteLibrary", "BattleShipsLiteLibrary\BattleShipsLiteLibrary.csproj", "{C46C1671-F3D7-46C8-AD42-262B94DAEFE6}"
EndProject
Project("{FAE04EC0-301F-11D3-BF4B-00C04F79EFBC}") = "BattleshipLite", "BattleShipsConsole\BattleshipLite.csproj", "{2671508D-9670-4B3E-8A33-33C80E3C3BC4}"
EndProject
Global
	GlobalSection(SolutionConfigurationPlatforms) = preSolution
		Debug|Any CPU = Debug|Any CPU
		Release|Any CPU = Release|Any CPU
	EndGlobalSection
	GlobalSection(ProjectConfigurationPlatforms) = postSolution
		{C46C1671-F3D7-46C8-AD42-262B94DAEFE6}.Debug|Any CPU.ActiveCfg = Debug|Any CPU
		{C46C1671-F3D7-46C8-AD42-262B94DAEFE6}.Debug|Any CPU.Build.0 = Debug|Any CPU
		{C46C1671-F3D7-46C8-AD42-262B94DAEFE6}.Release|Any CPU.ActiveCfg = Release|Any CPU
		{C46C1671-F3D7-46C8-AD42-262B94DAEFE6}.Release|Any CPU.Build.0 = Release|Any CPU
		{2671508D-9670-4B3E-8A33-33C80E3C3BC4}.Debug|Any CPU.ActiveCfg = Debug|Any CPU
		{2671508D-9670-4B3E-8A33-33C80E3C3BC4}.Debug|Any CPU.Build.0 = Debug|Any CPU
		{2671508D-9670-4B3E-8A33-33C80E3C3BC4}.Release|Any CPU.ActiveCfg = Release|Any CPU
		{2671508D-9670-4B3E-8A33-33C80E3C3BC4}.Release|Any CPU.Build.0 = Release|Any CPU
	EndGlobalSection
	GlobalSection(SolutionProperties) = preSolution
		HideSolutionNode = FALSE
	EndGlobalSection
	GlobalSection(ExtensibilityGlobals) = postSolution
		SolutionGuid = {43A0BA12-05BD-49D4-BD26-E200753460D2}
	EndGlobalSection
EndGlobal
